
Microsoft Visual Studio Solution File, Format Version 12.00
# Visual Studio Version 16
VisualStudioVersion = 16.0.31702.278
MinimumVisualStudioVersion = 10.0.40219.1
Project("{FAE04EC0-301F-11D3-BF4B-00C04F79EFBC}") = "TestTask", "TestTask\TestTask.csproj", "{DB076568-A789-443E-9E8A-88CE9626E324}"
EndProject
Global
	GlobalSection(SolutionConfigurationPlatforms) = preSolution
		Debug|Any CPU = Debug|Any CPU
		Release|Any CPU = Release|Any CPU
	EndGlobalSection
	GlobalSection(ProjectConfigurationPlatforms) = postSolution
		{DB076568-A789-443E-9E8A-88CE9626E324}.Debug|Any CPU.ActiveCfg = Debug|Any CPU
		{DB076568-A789-443E-9E8A-88CE9626E324}.Debug|Any CPU.Build.0 = Debug|Any CPU
		{DB076568-A789-443E-9E8A-88CE9626E324}.Release|Any CPU.ActiveCfg = Release|Any CPU
		{DB076568-A789-443E-9E8A-88CE9626E324}.Release|Any CPU.Build.0 = Release|Any CPU
	EndGlobalSection
	GlobalSection(SolutionProperties) = preSolution
		HideSolutionNode = FALSE
	EndGlobalSection
	GlobalSection(ExtensibilityGlobals) = postSolution
		SolutionGuid = {0315B754-B38B-4194-A8AD-E254806B2675}
	EndGlobalSection
EndGlobal
